// !$*UTF8*$!
{
	archiveVersion = 1;
	classes = {
	};
	objectVersion = 50;
	objects = {

/* Begin PBXBuildFile section */
		35FEEBD623E21D0C001FB0C9 /* Fruit.swift in Sources */ = {isa = PBXBuildFile; fileRef = 35FEEBD523E21D0C001FB0C9 /* Fruit.swift */; };
		35FEEBD823E21E02001FB0C9 /* FruitCollection.swift in Sources */ = {isa = PBXBuildFile; fileRef = 35FEEBD723E21E02001FB0C9 /* FruitCollection.swift */; };
		3F3AB37D23F8AB6700E3633F /* AddViewController.swift in Sources */ = {isa = PBXBuildFile; fileRef = 3F3AB37C23F8AB6700E3633F /* AddViewController.swift */; };
		3F3AB37F23F8AC1700E3633F /* DeleteViewController.swift in Sources */ = {isa = PBXBuildFile; fileRef = 3F3AB37E23F8AC1700E3633F /* DeleteViewController.swift */; };
		3F3AB38923F8BF9000E3633F /* questionMark.jpg in Resources */ = {isa = PBXBuildFile; fileRef = 3F3AB38823F8BF9000E3633F /* questionMark.jpg */; };
		3FE008CA23C7B5B60006D1CC /* AppDelegate.swift in Sources */ = {isa = PBXBuildFile; fileRef = 3FE008C923C7B5B60006D1CC /* AppDelegate.swift */; };
		3FE008CC23C7B5B60006D1CC /* SceneDelegate.swift in Sources */ = {isa = PBXBuildFile; fileRef = 3FE008CB23C7B5B60006D1CC /* SceneDelegate.swift */; };
		3FE008CE23C7B5B60006D1CC /* ViewController.swift in Sources */ = {isa = PBXBuildFile; fileRef = 3FE008CD23C7B5B60006D1CC /* ViewController.swift */; };
		3FE008D123C7B5B60006D1CC /* Main.storyboard in Resources */ = {isa = PBXBuildFile; fileRef = 3FE008CF23C7B5B60006D1CC /* Main.storyboard */; };
		3FE008D423C7B5B60006D1CC /* luix5540_a1.xcdatamodeld in Sources */ = {isa = PBXBuildFile; fileRef = 3FE008D223C7B5B60006D1CC /* luix5540_a1.xcdatamodeld */; };
		3FE008D623C7B5B80006D1CC /* Assets.xcassets in Resources */ = {isa = PBXBuildFile; fileRef = 3FE008D523C7B5B80006D1CC /* Assets.xcassets */; };
		3FE008D923C7B5B80006D1CC /* LaunchScreen.storyboard in Resources */ = {isa = PBXBuildFile; fileRef = 3FE008D723C7B5B80006D1CC /* LaunchScreen.storyboard */; };
		3FE008E423C7B5B80006D1CC /* luix5540_a1Tests.swift in Sources */ = {isa = PBXBuildFile; fileRef = 3FE008E323C7B5B80006D1CC /* luix5540_a1Tests.swift */; };
		3FE008EF23C7B5B90006D1CC /* luix5540_a1UITests.swift in Sources */ = {isa = PBXBuildFile; fileRef = 3FE008EE23C7B5B90006D1CC /* luix5540_a1UITests.swift */; };
/* End PBXBuildFile section */

/* Begin PBXContainerItemProxy section */
		3FE008E023C7B5B80006D1CC /* PBXContainerItemProxy */ = {
			isa = PBXContainerItemProxy;
			containerPortal = 3FE008BE23C7B5B60006D1CC /* Project object */;
			proxyType = 1;
			remoteGlobalIDString = 3FE008C523C7B5B60006D1CC;
			remoteInfo = luix5540_a1;
		};
		3FE008EB23C7B5B90006D1CC /* PBXContainerItemProxy */ = {
			isa = PBXContainerItemProxy;
			containerPortal = 3FE008BE23C7B5B60006D1CC /* Project object */;
			proxyType = 1;
			remoteGlobalIDString = 3FE008C523C7B5B60006D1CC;
			remoteInfo = luix5540_a1;
		};
/* End PBXContainerItemProxy section */

/* Begin PBXFileReference section */
		35FEEBD523E21D0C001FB0C9 /* Fruit.swift */ = {isa = PBXFileReference; lastKnownFileType = sourcecode.swift; name = Fruit.swift; path = luix5540_a1/Fruit.swift; sourceTree = "<group>"; };
		35FEEBD723E21E02001FB0C9 /* FruitCollection.swift */ = {isa = PBXFileReference; lastKnownFileType = sourcecode.swift; name = FruitCollection.swift; path = luix5540_a1/FruitCollection.swift; sourceTree = "<group>"; };
		3F3AB37C23F8AB6700E3633F /* AddViewController.swift */ = {isa = PBXFileReference; lastKnownFileType = sourcecode.swift; path = AddViewController.swift; sourceTree = "<group>"; };
		3F3AB37E23F8AC1700E3633F /* DeleteViewController.swift */ = {isa = PBXFileReference; lastKnownFileType = sourcecode.swift; path = DeleteViewController.swift; sourceTree = "<group>"; };
		3F3AB38823F8BF9000E3633F /* questionMark.jpg */ = {isa = PBXFileReference; lastKnownFileType = image.jpeg; name = questionMark.jpg; path = ../../questionMark.jpg; sourceTree = "<group>"; };
		3FE008C623C7B5B60006D1CC /* luix5540_a1.app */ = {isa = PBXFileReference; explicitFileType = wrapper.application; includeInIndex = 0; path = luix5540_a1.app; sourceTree = BUILT_PRODUCTS_DIR; };
		3FE008C923C7B5B60006D1CC /* AppDelegate.swift */ = {isa = PBXFileReference; lastKnownFileType = sourcecode.swift; path = AppDelegate.swift; sourceTree = "<group>"; };
		3FE008CB23C7B5B60006D1CC /* SceneDelegate.swift */ = {isa = PBXFileReference; lastKnownFileType = sourcecode.swift; path = SceneDelegate.swift; sourceTree = "<group>"; };
		3FE008CD23C7B5B60006D1CC /* ViewController.swift */ = {isa = PBXFileReference; lastKnownFileType = sourcecode.swift; path = ViewController.swift; sourceTree = "<group>"; };
		3FE008D023C7B5B60006D1CC /* Base */ = {isa = PBXFileReference; lastKnownFileType = file.storyboard; name = Base; path = Base.lproj/Main.storyboard; sourceTree = "<group>"; };
		3FE008D323C7B5B60006D1CC /* luix5540_a1.xcdatamodel */ = {isa = PBXFileReference; lastKnownFileType = wrapper.xcdatamodel; path = luix5540_a1.xcdatamodel; sourceTree = "<group>"; };
		3FE008D523C7B5B80006D1CC /* Assets.xcassets */ = {isa = PBXFileReference; lastKnownFileType = folder.assetcatalog; path = Assets.xcassets; sourceTree = "<group>"; };
		3FE008D823C7B5B80006D1CC /* Base */ = {isa = PBXFileReference; lastKnownFileType = file.storyboard; name = Base; path = Base.lproj/LaunchScreen.storyboard; sourceTree = "<group>"; };
		3FE008DA23C7B5B80006D1CC /* Info.plist */ = {isa = PBXFileReference; lastKnownFileType = text.plist.xml; path = Info.plist; sourceTree = "<group>"; };
		3FE008DF23C7B5B80006D1CC /* luix5540_a1Tests.xctest */ = {isa = PBXFileReference; explicitFileType = wrapper.cfbundle; includeInIndex = 0; path = luix5540_a1Tests.xctest; sourceTree = BUILT_PRODUCTS_DIR; };
		3FE008E323C7B5B80006D1CC /* luix5540_a1Tests.swift */ = {isa = PBXFileReference; lastKnownFileType = sourcecode.swift; path = luix5540_a1Tests.swift; sourceTree = "<group>"; };
		3FE008E523C7B5B80006D1CC /* Info.plist */ = {isa = PBXFileReference; lastKnownFileType = text.plist.xml; path = Info.plist; sourceTree = "<group>"; };
		3FE008EA23C7B5B90006D1CC /* luix5540_a1UITests.xctest */ = {isa = PBXFileReference; explicitFileType = wrapper.cfbundle; includeInIndex = 0; path = luix5540_a1UITests.xctest; sourceTree = BUILT_PRODUCTS_DIR; };
		3FE008EE23C7B5B90006D1CC /* luix5540_a1UITests.swift */ = {isa = PBXFileReference; lastKnownFileType = sourcecode.swift; path = luix5540_a1UITests.swift; sourceTree = "<group>"; };
		3FE008F023C7B5B90006D1CC /* Info.plist */ = {isa = PBXFileReference; lastKnownFileType = text.plist.xml; path = Info.plist; sourceTree = "<group>"; };
/* End PBXFileReference section */

/* Begin PBXFrameworksBuildPhase section */
		3FE008C323C7B5B60006D1CC /* Frameworks */ = {
			isa = PBXFrameworksBuildPhase;
			buildActionMask = 2147483647;
			files = (
			);
			runOnlyForDeploymentPostprocessing = 0;
		};
		3FE008DC23C7B5B80006D1CC /* Frameworks */ = {
			isa = PBXFrameworksBuildPhase;
			buildActionMask = 2147483647;
			files = (
			);
			runOnlyForDeploymentPostprocessing = 0;
		};
		3FE008E723C7B5B80006D1CC /* Frameworks */ = {
			isa = PBXFrameworksBuildPhase;
			buildActionMask = 2147483647;
			files = (
			);
			runOnlyForDeploymentPostprocessing = 0;
		};
/* End PBXFrameworksBuildPhase section */

/* Begin PBXGroup section */
		3FE008BD23C7B5B60006D1CC = {
			isa = PBXGroup;
			children = (
				35FEEBD523E21D0C001FB0C9 /* Fruit.swift */,
				35FEEBD723E21E02001FB0C9 /* FruitCollection.swift */,
				3FE008C823C7B5B60006D1CC /* luix5540_a1 */,
				3FE008E223C7B5B80006D1CC /* luix5540_a1Tests */,
				3FE008ED23C7B5B90006D1CC /* luix5540_a1UITests */,
				3FE008C723C7B5B60006D1CC /* Products */,
			);
			sourceTree = "<group>";
		};
		3FE008C723C7B5B60006D1CC /* Products */ = {
			isa = PBXGroup;
			children = (
				3FE008C623C7B5B60006D1CC /* luix5540_a1.app */,
				3FE008DF23C7B5B80006D1CC /* luix5540_a1Tests.xctest */,
				3FE008EA23C7B5B90006D1CC /* luix5540_a1UITests.xctest */,
			);
			name = Products;
			sourceTree = "<group>";
		};
		3FE008C823C7B5B60006D1CC /* luix5540_a1 */ = {
			isa = PBXGroup;
			children = (
				3FE008C923C7B5B60006D1CC /* AppDelegate.swift */,
				3FE008CB23C7B5B60006D1CC /* SceneDelegate.swift */,
				3FE008CD23C7B5B60006D1CC /* ViewController.swift */,
				3F3AB38823F8BF9000E3633F /* questionMark.jpg */,
				3F3AB37C23F8AB6700E3633F /* AddViewController.swift */,
				3F3AB37E23F8AC1700E3633F /* DeleteViewController.swift */,
				3FE008CF23C7B5B60006D1CC /* Main.storyboard */,
				3FE008D523C7B5B80006D1CC /* Assets.xcassets */,
				3FE008D723C7B5B80006D1CC /* LaunchScreen.storyboard */,
				3FE008DA23C7B5B80006D1CC /* Info.plist */,
				3FE008D223C7B5B60006D1CC /* luix5540_a1.xcdatamodeld */,
			);
			path = luix5540_a1;
			sourceTree = "<group>";
		};
		3FE008E223C7B5B80006D1CC /* luix5540_a1Tests */ = {
			isa = PBXGroup;
			children = (
				3FE008E323C7B5B80006D1CC /* luix5540_a1Tests.swift */,
				3FE008E523C7B5B80006D1CC /* Info.plist */,
			);
			path = luix5540_a1Tests;
			sourceTree = "<group>";
		};
		3FE008ED23C7B5B90006D1CC /* luix5540_a1UITests */ = {
			isa = PBXGroup;
			children = (
				3FE008EE23C7B5B90006D1CC /* luix5540_a1UITests.swift */,
				3FE008F023C7B5B90006D1CC /* Info.plist */,
			);
			path = luix5540_a1UITests;
			sourceTree = "<group>";
		};
/* End PBXGroup section */

/* Begin PBXNativeTarget section */
		3FE008C523C7B5B60006D1CC /* luix5540_a1 */ = {
			isa = PBXNativeTarget;
			buildConfigurationList = 3FE008F323C7B5B90006D1CC /* Build configuration list for PBXNativeTarget "luix5540_a1" */;
			buildPhases = (
				3FE008C223C7B5B60006D1CC /* Sources */,
				3FE008C323C7B5B60006D1CC /* Frameworks */,
				3FE008C423C7B5B60006D1CC /* Resources */,
			);
			buildRules = (
			);
			dependencies = (
			);
			name = luix5540_a1;
			productName = luix5540_a1;
			productReference = 3FE008C623C7B5B60006D1CC /* luix5540_a1.app */;
			productType = "com.apple.product-type.application";
		};
		3FE008DE23C7B5B80006D1CC /* luix5540_a1Tests */ = {
			isa = PBXNativeTarget;
			buildConfigurationList = 3FE008F623C7B5B90006D1CC /* Build configuration list for PBXNativeTarget "luix5540_a1Tests" */;
			buildPhases = (
				3FE008DB23C7B5B80006D1CC /* Sources */,
				3FE008DC23C7B5B80006D1CC /* Frameworks */,
				3FE008DD23C7B5B80006D1CC /* Resources */,
			);
			buildRules = (
			);
			dependencies = (
				3FE008E123C7B5B80006D1CC /* PBXTargetDependency */,
			);
			name = luix5540_a1Tests;
			productName = luix5540_a1Tests;
			productReference = 3FE008DF23C7B5B80006D1CC /* luix5540_a1Tests.xctest */;
			productType = "com.apple.product-type.bundle.unit-test";
		};
		3FE008E923C7B5B80006D1CC /* luix5540_a1UITests */ = {
			isa = PBXNativeTarget;
			buildConfigurationList = 3FE008F923C7B5B90006D1CC /* Build configuration list for PBXNativeTarget "luix5540_a1UITests" */;
			buildPhases = (
				3FE008E623C7B5B80006D1CC /* Sources */,
				3FE008E723C7B5B80006D1CC /* Frameworks */,
				3FE008E823C7B5B80006D1CC /* Resources */,
			);
			buildRules = (
			);
			dependencies = (
				3FE008EC23C7B5B90006D1CC /* PBXTargetDependency */,
			);
			name = luix5540_a1UITests;
			productName = luix5540_a1UITests;
			productReference = 3FE008EA23C7B5B90006D1CC /* luix5540_a1UITests.xctest */;
			productType = "com.apple.product-type.bundle.ui-testing";
		};
/* End PBXNativeTarget section */

/* Begin PBXProject section */
		3FE008BE23C7B5B60006D1CC /* Project object */ = {
			isa = PBXProject;
			attributes = {
				LastSwiftUpdateCheck = 1130;
				LastUpgradeCheck = 1130;
				ORGANIZATIONNAME = wlu;
				TargetAttributes = {
					3FE008C523C7B5B60006D1CC = {
						CreatedOnToolsVersion = 11.3;
					};
					3FE008DE23C7B5B80006D1CC = {
						CreatedOnToolsVersion = 11.3;
						TestTargetID = 3FE008C523C7B5B60006D1CC;
					};
					3FE008E923C7B5B80006D1CC = {
						CreatedOnToolsVersion = 11.3;
						TestTargetID = 3FE008C523C7B5B60006D1CC;
					};
				};
			};
			buildConfigurationList = 3FE008C123C7B5B60006D1CC /* Build configuration list for PBXProject "luix5540_a1" */;
			compatibilityVersion = "Xcode 9.3";
			developmentRegion = en;
			hasScannedForEncodings = 0;
			knownRegions = (
				en,
				Base,
			);
			mainGroup = 3FE008BD23C7B5B60006D1CC;
			productRefGroup = 3FE008C723C7B5B60006D1CC /* Products */;
			projectDirPath = "";
			projectRoot = "";
			targets = (
				3FE008C523C7B5B60006D1CC /* luix5540_a1 */,
				3FE008DE23C7B5B80006D1CC /* luix5540_a1Tests */,
				3FE008E923C7B5B80006D1CC /* luix5540_a1UITests */,
			);
		};
/* End PBXProject section */

/* Begin PBXResourcesBuildPhase section */
		3FE008C423C7B5B60006D1CC /* Resources */ = {
			isa = PBXResourcesBuildPhase;
			buildActionMask = 2147483647;
			files = (
				3FE008D923C7B5B80006D1CC /* LaunchScreen.storyboard in Resources */,
				3FE008D623C7B5B80006D1CC /* Assets.xcassets in Resources */,
				3F3AB38923F8BF9000E3633F /* questionMark.jpg in Resources */,
				3FE008D123C7B5B60006D1CC /* Main.storyboard in Resources */,
			);
			runOnlyForDeploymentPostprocessing = 0;
		};
		3FE008DD23C7B5B80006D1CC /* Resources */ = {
			isa = PBXResourcesBuildPhase;
			buildActionMask = 2147483647;
			files = (
			);
			runOnlyForDeploymentPostprocessing = 0;
		};
		3FE008E823C7B5B80006D1CC /* Resources */ = {
			isa = PBXResourcesBuildPhase;
			buildActionMask = 2147483647;
			files = (
			);
			runOnlyForDeploymentPostprocessing = 0;
		};
/* End PBXResourcesBuildPhase section */

/* Begin PBXSourcesBuildPhase section */
		3FE008C223C7B5B60006D1CC /* Sources */ = {
			isa = PBXSourcesBuildPhase;
			buildActionMask = 2147483647;
			files = (
				35FEEBD823E21E02001FB0C9 /* FruitCollection.swift in Sources */,
				35FEEBD623E21D0C001FB0C9 /* Fruit.swift in Sources */,
				3F3AB37D23F8AB6700E3633F /* AddViewController.swift in Sources */,
				3FE008CE23C7B5B60006D1CC /* ViewController.swift in Sources */,
				3FE008D423C7B5B60006D1CC /* luix5540_a1.xcdatamodeld in Sources */,
				3FE008CA23C7B5B60006D1CC /* AppDelegate.swift in Sources */,
				3FE008CC23C7B5B60006D1CC /* SceneDelegate.swift in Sources */,
				3F3AB37F23F8AC1700E3633F /* DeleteViewController.swift in Sources */,
			);
			runOnlyForDeploymentPostprocessing = 0;
		};
		3FE008DB23C7B5B80006D1CC /* Sources */ = {
			isa = PBXSourcesBuildPhase;
			buildActionMask = 2147483647;
			files = (
				3FE008E423C7B5B80006D1CC /* luix5540_a1Tests.swift in Sources */,
			);
			runOnlyForDeploymentPostprocessing = 0;
		};
		3FE008E623C7B5B80006D1CC /* Sources */ = {
			isa = PBXSourcesBuildPhase;
			buildActionMask = 2147483647;
			files = (
				3FE008EF23C7B5B90006D1CC /* luix5540_a1UITests.swift in Sources */,
			);
			runOnlyForDeploymentPostprocessing = 0;
		};
/* End PBXSourcesBuildPhase section */

/* Begin PBXTargetDependency section */
		3FE008E123C7B5B80006D1CC /* PBXTargetDependency */ = {
			isa = PBXTargetDependency;
			target = 3FE008C523C7B5B60006D1CC /* luix5540_a1 */;
			targetProxy = 3FE008E023C7B5B80006D1CC /* PBXContainerItemProxy */;
		};
		3FE008EC23C7B5B90006D1CC /* PBXTargetDependency */ = {
			isa = PBXTargetDependency;
			target = 3FE008C523C7B5B60006D1CC /* luix5540_a1 */;
			targetProxy = 3FE008EB23C7B5B90006D1CC /* PBXContainerItemProxy */;
		};
/* End PBXTargetDependency section */

/* Begin PBXVariantGroup section */
		3FE008CF23C7B5B60006D1CC /* Main.storyboard */ = {
			isa = PBXVariantGroup;
			children = (
				3FE008D023C7B5B60006D1CC /* Base */,
			);
			name = Main.storyboard;
			sourceTree = "<group>";
		};
		3FE008D723C7B5B80006D1CC /* LaunchScreen.storyboard */ = {
			isa = PBXVariantGroup;
			children = (
				3FE008D823C7B5B80006D1CC /* Base */,
			);
			name = LaunchScreen.storyboard;
			sourceTree = "<group>";
		};
/* End PBXVariantGroup section */

/* Begin XCBuildConfiguration section */
		3FE008F123C7B5B90006D1CC /* Debug */ = {
			isa = XCBuildConfiguration;
			buildSettings = {
				ALWAYS_SEARCH_USER_PATHS = NO;
				CLANG_ANALYZER_NONNULL = YES;
				CLANG_ANALYZER_NUMBER_OBJECT_CONVERSION = YES_AGGRESSIVE;
				CLANG_CXX_LANGUAGE_STANDARD = "gnu++14";
				CLANG_CXX_LIBRARY = "libc++";
				CLANG_ENABLE_MODULES = YES;
				CLANG_ENABLE_OBJC_ARC = YES;
				CLANG_ENABLE_OBJC_WEAK = YES;
				CLANG_WARN_BLOCK_CAPTURE_AUTORELEASING = YES;
				CLANG_WARN_BOOL_CONVERSION = YES;
				CLANG_WARN_COMMA = YES;
				CLANG_WARN_CONSTANT_CONVERSION = YES;
				CLANG_WARN_DEPRECATED_OBJC_IMPLEMENTATIONS = YES;
				CLANG_WARN_DIRECT_OBJC_ISA_USAGE = YES_ERROR;
				CLANG_WARN_DOCUMENTATION_COMMENTS = YES;
				CLANG_WARN_EMPTY_BODY = YES;
				CLANG_WARN_ENUM_CONVERSION = YES;
				CLANG_WARN_INFINITE_RECURSION = YES;
				CLANG_WARN_INT_CONVERSION = YES;
				CLANG_WARN_NON_LITERAL_NULL_CONVERSION = YES;
				CLANG_WARN_OBJC_IMPLICIT_RETAIN_SELF = YES;
				CLANG_WARN_OBJC_LITERAL_CONVERSION = YES;
				CLANG_WARN_OBJC_ROOT_CLASS = YES_ERROR;
				CLANG_WARN_RANGE_LOOP_ANALYSIS = YES;
				CLANG_WARN_STRICT_PROTOTYPES = YES;
				CLANG_WARN_SUSPICIOUS_MOVE = YES;
				CLANG_WARN_UNGUARDED_AVAILABILITY = YES_AGGRESSIVE;
				CLANG_WARN_UNREACHABLE_CODE = YES;
				CLANG_WARN__DUPLICATE_METHOD_MATCH = YES;
				COPY_PHASE_STRIP = NO;
				DEBUG_INFORMATION_FORMAT = dwarf;
				ENABLE_STRICT_OBJC_MSGSEND = YES;
				ENABLE_TESTABILITY = YES;
				GCC_C_LANGUAGE_STANDARD = gnu11;
				GCC_DYNAMIC_NO_PIC = NO;
				GCC_NO_COMMON_BLOCKS = YES;
				GCC_OPTIMIZATION_LEVEL = 0;
				GCC_PREPROCESSOR_DEFINITIONS = (
					"DEBUG=1",
					"$(inherited)",
				);
				GCC_WARN_64_TO_32_BIT_CONVERSION = YES;
				GCC_WARN_ABOUT_RETURN_TYPE = YES_ERROR;
				GCC_WARN_UNDECLARED_SELECTOR = YES;
				GCC_WARN_UNINITIALIZED_AUTOS = YES_AGGRESSIVE;
				GCC_WARN_UNUSED_FUNCTION = YES;
				GCC_WARN_UNUSED_VARIABLE = YES;
				IPHONEOS_DEPLOYMENT_TARGET = 13.2;
				MTL_ENABLE_DEBUG_INFO = INCLUDE_SOURCE;
				MTL_FAST_MATH = YES;
				ONLY_ACTIVE_ARCH = YES;
				SDKROOT = iphoneos;
				SWIFT_ACTIVE_COMPILATION_CONDITIONS = DEBUG;
				SWIFT_OPTIMIZATION_LEVEL = "-Onone";
			};
			name = Debug;
		};
		3FE008F223C7B5B90006D1CC /* Release */ = {
			isa = XCBuildConfiguration;
			buildSettings = {
				ALWAYS_SEARCH_USER_PATHS = NO;
				CLANG_ANALYZER_NONNULL = YES;
				CLANG_ANALYZER_NUMBER_OBJECT_CONVERSION = YES_AGGRESSIVE;
				CLANG_CXX_LANGUAGE_STANDARD = "gnu++14";
				CLANG_CXX_LIBRARY = "libc++";
				CLANG_ENABLE_MODULES = YES;
				CLANG_ENABLE_OBJC_ARC = YES;
				CLANG_ENABLE_OBJC_WEAK = YES;
				CLANG_WARN_BLOCK_CAPTURE_AUTORELEASING = YES;
				CLANG_WARN_BOOL_CONVERSION = YES;
				CLANG_WARN_COMMA = YES;
				CLANG_WARN_CONSTANT_CONVERSION = YES;
				CLANG_WARN_DEPRECATED_OBJC_IMPLEMENTATIONS = YES;
				CLANG_WARN_DIRECT_OBJC_ISA_USAGE = YES_ERROR;
				CLANG_WARN_DOCUMENTATION_COMMENTS = YES;
				CLANG_WARN_EMPTY_BODY = YES;
				CLANG_WARN_ENUM_CONVERSION = YES;
				CLANG_WARN_INFINITE_RECURSION = YES;
				CLANG_WARN_INT_CONVERSION = YES;
				CLANG_WARN_NON_LITERAL_NULL_CONVERSION = YES;
				CLANG_WARN_OBJC_IMPLICIT_RETAIN_SELF = YES;
				CLANG_WARN_OBJC_LITERAL_CONVERSION = YES;
				CLANG_WARN_OBJC_ROOT_CLASS = YES_ERROR;
				CLANG_WARN_RANGE_LOOP_ANALYSIS = YES;
				CLANG_WARN_STRICT_PROTOTYPES = YES;
				CLANG_WARN_SUSPICIOUS_MOVE = YES;
				CLANG_WARN_UNGUARDED_AVAILABILITY = YES_AGGRESSIVE;
				CLANG_WARN_UNREACHABLE_CODE = YES;
				CLANG_WARN__DUPLICATE_METHOD_MATCH = YES;
				COPY_PHASE_STRIP = NO;
				DEBUG_INFORMATION_FORMAT = "dwarf-with-dsym";
				ENABLE_NS_ASSERTIONS = NO;
				ENABLE_STRICT_OBJC_MSGSEND = YES;
				GCC_C_LANGUAGE_STANDARD = gnu11;
				GCC_NO_COMMON_BLOCKS = YES;
				GCC_WARN_64_TO_32_BIT_CONVERSION = YES;
				GCC_WARN_ABOUT_RETURN_TYPE = YES_ERROR;
				GCC_WARN_UNDECLARED_SELECTOR = YES;
				GCC_WARN_UNINITIALIZED_AUTOS = YES_AGGRESSIVE;
				GCC_WARN_UNUSED_FUNCTION = YES;
				GCC_WARN_UNUSED_VARIABLE = YES;
				IPHONEOS_DEPLOYMENT_TARGET = 13.2;
				MTL_ENABLE_DEBUG_INFO = NO;
				MTL_FAST_MATH = YES;
				SDKROOT = iphoneos;
				SWIFT_COMPILATION_MODE = wholemodule;
				SWIFT_OPTIMIZATION_LEVEL = "-O";
				VALIDATE_PRODUCT = YES;
			};
			name = Release;
		};
		3FE008F423C7B5B90006D1CC /* Debug */ = {
			isa = XCBuildConfiguration;
			buildSettings = {
				ASSETCATALOG_COMPILER_APPICON_NAME = AppIcon;
				CODE_SIGN_STYLE = Automatic;
				DEVELOPMENT_TEAM = RWWFJ8DMGK;
				INFOPLIST_FILE = luix5540_a1/Info.plist;
				LD_RUNPATH_SEARCH_PATHS = (
					"$(inherited)",
					"@executable_path/Frameworks",
				);
				PRODUCT_BUNDLE_IDENTIFIER = "ca.wlu.luix5540-a1";
				PRODUCT_NAME = "$(TARGET_NAME)";
				SWIFT_VERSION = 5.0;
				TARGETED_DEVICE_FAMILY = "1,2";
			};
			name = Debug;
		};
		3FE008F523C7B5B90006D1CC /* Release */ = {
			isa = XCBuildConfiguration;
			buildSettings = {
				ASSETCATALOG_COMPILER_APPICON_NAME = AppIcon;
				CODE_SIGN_STYLE = Automatic;
				DEVELOPMENT_TEAM = RWWFJ8DMGK;
				INFOPLIST_FILE = luix5540_a1/Info.plist;
				LD_RUNPATH_SEARCH_PATHS = (
					"$(inherited)",
					"@executable_path/Frameworks",
				);
				PRODUCT_BUNDLE_IDENTIFIER = "ca.wlu.luix5540-a1";
				PRODUCT_NAME = "$(TARGET_NAME)";
				SWIFT_VERSION = 5.0;
				TARGETED_DEVICE_FAMILY = "1,2";
			};
			name = Release;
		};
		3FE008F723C7B5B90006D1CC /* Debug */ = {
			isa = XCBuildConfiguration;
			buildSettings = {
				ALWAYS_EMBED_SWIFT_STANDARD_LIBRARIES = YES;
				BUNDLE_LOADER = "$(TEST_HOST)";
				CODE_SIGN_STYLE = Automatic;
				DEVELOPMENT_TEAM = RWWFJ8DMGK;
				INFOPLIST_FILE = luix5540_a1Tests/Info.plist;
				IPHONEOS_DEPLOYMENT_TARGET = 13.2;
				LD_RUNPATH_SEARCH_PATHS = (
					"$(inherited)",
					"@executable_path/Frameworks",
					"@loader_path/Frameworks",
				);
				PRODUCT_BUNDLE_IDENTIFIER = "ca.wlu.luix5540-a1Tests";
				PRODUCT_NAME = "$(TARGET_NAME)";
				SWIFT_VERSION = 5.0;
				TARGETED_DEVICE_FAMILY = "1,2";
				TEST_HOST = "$(BUILT_PRODUCTS_DIR)/luix5540_a1.app/luix5540_a1";
			};
			name = Debug;
		};
		3FE008F823C7B5B90006D1CC /* Release */ = {
			isa = XCBuildConfiguration;
			buildSettings = {
				ALWAYS_EMBED_SWIFT_STANDARD_LIBRARIES = YES;
				BUNDLE_LOADER = "$(TEST_HOST)";
				CODE_SIGN_STYLE = Automatic;
				DEVELOPMENT_TEAM = RWWFJ8DMGK;
				INFOPLIST_FILE = luix5540_a1Tests/Info.plist;
				IPHONEOS_DEPLOYMENT_TARGET = 13.2;
				LD_RUNPATH_SEARCH_PATHS = (
					"$(inherited)",
					"@executable_path/Frameworks",
					"@loader_path/Frameworks",
				);
				PRODUCT_BUNDLE_IDENTIFIER = "ca.wlu.luix5540-a1Tests";
				PRODUCT_NAME = "$(TARGET_NAME)";
				SWIFT_VERSION = 5.0;
				TARGETED_DEVICE_FAMILY = "1,2";
				TEST_HOST = "$(BUILT_PRODUCTS_DIR)/luix5540_a1.app/luix5540_a1";
			};
			name = Release;
		};
		3FE008FA23C7B5B90006D1CC /* Debug */ = {
			isa = XCBuildConfiguration;
			buildSettings = {
				ALWAYS_EMBED_SWIFT_STANDARD_LIBRARIES = YES;
				CODE_SIGN_STYLE = Automatic;
				DEVELOPMENT_TEAM = RWWFJ8DMGK;
				INFOPLIST_FILE = luix5540_a1UITests/Info.plist;
				LD_RUNPATH_SEARCH_PATHS = (
					"$(inherited)",
					"@executable_path/Frameworks",
					"@loader_path/Frameworks",
				);
				PRODUCT_BUNDLE_IDENTIFIER = "ca.wlu.luix5540-a1UITests";
				PRODUCT_NAME = "$(TARGET_NAME)";
				SWIFT_VERSION = 5.0;
				TARGETED_DEVICE_FAMILY = "1,2";
				TEST_TARGET_NAME = luix5540_a1;
			};
			name = Debug;
		};
		3FE008FB23C7B5B90006D1CC /* Release */ = {
			isa = XCBuildConfiguration;
			buildSettings = {
				ALWAYS_EMBED_SWIFT_STANDARD_LIBRARIES = YES;
				CODE_SIGN_STYLE = Automatic;
				DEVELOPMENT_TEAM = RWWFJ8DMGK;
				INFOPLIST_FILE = luix5540_a1UITests/Info.plist;
				LD_RUNPATH_SEARCH_PATHS = (
					"$(inherited)",
					"@executable_path/Frameworks",
					"@loader_path/Frameworks",
				);
				PRODUCT_BUNDLE_IDENTIFIER = "ca.wlu.luix5540-a1UITests";
				PRODUCT_NAME = "$(TARGET_NAME)";
				SWIFT_VERSION = 5.0;
				TARGETED_DEVICE_FAMILY = "1,2";
				TEST_TARGET_NAME = luix5540_a1;
			};
			name = Release;
		};
/* End XCBuildConfiguration section */

/* Begin XCConfigurationList section */
		3FE008C123C7B5B60006D1CC /* Build configuration list for PBXProject "luix5540_a1" */ = {
			isa = XCConfigurationList;
			buildConfigurations = (
				3FE008F123C7B5B90006D1CC /* Debug */,
				3FE008F223C7B5B90006D1CC /* Release */,
			);
			defaultConfigurationIsVisible = 0;
			defaultConfigurationName = Release;
		};
		3FE008F323C7B5B90006D1CC /* Build configuration list for PBXNativeTarget "luix5540_a1" */ = {
			isa = XCConfigurationList;
			buildConfigurations = (
				3FE008F423C7B5B90006D1CC /* Debug */,
				3FE008F523C7B5B90006D1CC /* Release */,
			);
			defaultConfigurationIsVisible = 0;
			defaultConfigurationName = Release;
		};
		3FE008F623C7B5B90006D1CC /* Build configuration list for PBXNativeTarget "luix5540_a1Tests" */ = {
			isa = XCConfigurationList;
			buildConfigurations = (
				3FE008F723C7B5B90006D1CC /* Debug */,
				3FE008F823C7B5B90006D1CC /* Release */,
			);
			defaultConfigurationIsVisible = 0;
			defaultConfigurationName = Release;
		};
		3FE008F923C7B5B90006D1CC /* Build configuration list for PBXNativeTarget "luix5540_a1UITests" */ = {
			isa = XCConfigurationList;
			buildConfigurations = (
				3FE008FA23C7B5B90006D1CC /* Debug */,
				3FE008FB23C7B5B90006D1CC /* Release */,
			);
			defaultConfigurationIsVisible = 0;
			defaultConfigurationName = Release;
		};
/* End XCConfigurationList section */

/* Begin XCVersionGroup section */
		3FE008D223C7B5B60006D1CC /* luix5540_a1.xcdatamodeld */ = {
			isa = XCVersionGroup;
			children = (
				3FE008D323C7B5B60006D1CC /* luix5540_a1.xcdatamodel */,
			);
			currentVersion = 3FE008D323C7B5B60006D1CC /* luix5540_a1.xcdatamodel */;
			path = luix5540_a1.xcdatamodeld;
			sourceTree = "<group>";
			versionGroupType = wrapper.xcdatamodel;
		};
/* End XCVersionGroup section */
	};
	rootObject = 3FE008BE23C7B5B60006D1CC /* Project object */;
}
